
Microsoft Visual Studio Solution File, Format Version 12.00
# Visual Studio Version 17
VisualStudioVersion = 17.4.33213.308
MinimumVisualStudioVersion = 10.0.40219.1
Project("{9A19103F-16F7-4668-BE54-9A1E7A4F7556}") = "MW2 Menu Editor", "MW2 Menu Editor\MW2 Menu Editor.csproj", "{7F5150AC-B3B7-4B03-A192-2170C6C4F4FC}"
EndProject
Project("{9A19103F-16F7-4668-BE54-9A1E7A4F7556}") = "IWMenu", "MW2 Menu\IWMenu.csproj", "{40513B90-AFFF-4E8E-8000-F767D52FC29A}"
EndProject
Project("{FAE04EC0-301F-11D3-BF4B-00C04F79EFBC}") = "IWEnvironment", "IWEnvironment\IWEnvironment.csproj", "{5A8CF067-49C8-4F01-9734-547CE872EC5C}"
EndProject
Global
	GlobalSection(SolutionConfigurationPlatforms) = preSolution
		Debug|Any CPU = Debug|Any CPU
		Release|Any CPU = Release|Any CPU
	EndGlobalSection
	GlobalSection(ProjectConfigurationPlatforms) = postSolution
		{7F5150AC-B3B7-4B03-A192-2170C6C4F4FC}.Debug|Any CPU.ActiveCfg = Debug|Any CPU
		{7F5150AC-B3B7-4B03-A192-2170C6C4F4FC}.Debug|Any CPU.Build.0 = Debug|Any CPU
		{7F5150AC-B3B7-4B03-A192-2170C6C4F4FC}.Release|Any CPU.ActiveCfg = Release|Any CPU
		{7F5150AC-B3B7-4B03-A192-2170C6C4F4FC}.Release|Any CPU.Build.0 = Release|Any CPU
		{40513B90-AFFF-4E8E-8000-F767D52FC29A}.Debug|Any CPU.ActiveCfg = Debug|Any CPU
		{40513B90-AFFF-4E8E-8000-F767D52FC29A}.Debug|Any CPU.Build.0 = Debug|Any CPU
		{40513B90-AFFF-4E8E-8000-F767D52FC29A}.Release|Any CPU.ActiveCfg = Release|Any CPU
		{40513B90-AFFF-4E8E-8000-F767D52FC29A}.Release|Any CPU.Build.0 = Release|Any CPU
		{5A8CF067-49C8-4F01-9734-547CE872EC5C}.Debug|Any CPU.ActiveCfg = Debug|Any CPU
		{5A8CF067-49C8-4F01-9734-547CE872EC5C}.Debug|Any CPU.Build.0 = Debug|Any CPU
		{5A8CF067-49C8-4F01-9734-547CE872EC5C}.Release|Any CPU.ActiveCfg = Release|Any CPU
		{5A8CF067-49C8-4F01-9734-547CE872EC5C}.Release|Any CPU.Build.0 = Release|Any CPU
	EndGlobalSection
	GlobalSection(SolutionProperties) = preSolution
		HideSolutionNode = FALSE
	EndGlobalSection
	GlobalSection(ExtensibilityGlobals) = postSolution
		SolutionGuid = {E2483F4F-809D-4FC4-AA2A-A70196129129}
	EndGlobalSection
EndGlobal
